
Microsoft Visual Studio Solution File, Format Version 12.00
# Visual Studio Version 16
VisualStudioVersion = 16.0.31105.61
MinimumVisualStudioVersion = 10.0.40219.1
Project("{8BC9CEB8-8B4A-11D0-8D11-00A0C91BC942}") = "Project2", "Project2\Project2.vcxproj", "{1FD991D7-870F-4FF8-BADC-F61EE3147584}"
EndProject
Global
	GlobalSection(SolutionConfigurationPlatforms) = preSolution
		Debug|x64 = Debug|x64
		Debug|x86 = Debug|x86
		Release|x64 = Release|x64
		Release|x86 = Release|x86
	EndGlobalSection
	GlobalSection(ProjectConfigurationPlatforms) = postSolution
		{1FD991D7-870F-4FF8-BADC-F61EE3147584}.Debug|x64.ActiveCfg = Debug|x64
		{1FD991D7-870F-4FF8-BADC-F61EE3147584}.Debug|x64.Build.0 = Debug|x64
		{1FD991D7-870F-4FF8-BADC-F61EE3147584}.Debug|x86.ActiveCfg = Debug|Win32
		{1FD991D7-870F-4FF8-BADC-F61EE3147584}.Debug|x86.Build.0 = Debug|Win32
		{1FD991D7-870F-4FF8-BADC-F61EE3147584}.Release|x64.ActiveCfg = Release|x64
		{1FD991D7-870F-4FF8-BADC-F61EE3147584}.Release|x64.Build.0 = Release|x64
		{1FD991D7-870F-4FF8-BADC-F61EE3147584}.Release|x86.ActiveCfg = Release|Win32
		{1FD991D7-870F-4FF8-BADC-F61EE3147584}.Release|x86.Build.0 = Release|Win32
	EndGlobalSection
	GlobalSection(SolutionProperties) = preSolution
		HideSolutionNode = FALSE
	EndGlobalSection
	GlobalSection(ExtensibilityGlobals) = postSolution
		SolutionGuid = {AE8C5A35-C1E9-46F3-A5AF-2385E9C93F6C}
	EndGlobalSection
EndGlobal
